
Microsoft Visual Studio Solution File, Format Version 12.00
# Visual Studio Version 17
VisualStudioVersion = 17.5.33530.505
MinimumVisualStudioVersion = 10.0.40219.1
Project("{D954291E-2A0B-460D-934E-DC6B0785DB48}") = "TwoWayDataExchangeStd", "TwoWayDataExchangeStd.shproj", "{23E40BC7-CAF7-48F5-BEAB-1873E48955FC}"
EndProject
Global
	GlobalSection(SolutionProperties) = preSolution
		HideSolutionNode = FALSE
	EndGlobalSection
	GlobalSection(ExtensibilityGlobals) = postSolution
		SolutionGuid = {B68342A5-B5C0-4D99-AA62-F6F619D9DFBF}
	EndGlobalSection
	GlobalSection(SharedMSBuildProjectFiles) = preSolution
		TwoWayDataExchangeStd.projitems*{23e40bc7-caf7-48f5-beab-1873e48955fc}*SharedItemsImports = 13
	EndGlobalSection
EndGlobal
