
Microsoft Visual Studio Solution File, Format Version 12.00
# Visual Studio Version 17
VisualStudioVersion = 17.5.33530.505
MinimumVisualStudioVersion = 10.0.40219.1
Project("{9A19103F-16F7-4668-BE54-9A1E7A4F7556}") = "WinFormsAppOne", "WinFormsAppOne\WinFormsAppOne.csproj", "{B2FCA3D6-8EF8-428E-A874-AB1BB0EBC6B0}"
EndProject
Project("{9A19103F-16F7-4668-BE54-9A1E7A4F7556}") = "WinFormsAppTwo", "WinFormsAppTwo\WinFormsAppTwo.csproj", "{914A955B-538E-4E9A-BEAE-183AD29EA8D4}"
EndProject
Project("{FAE04EC0-301F-11D3-BF4B-00C04F79EFBC}") = "WinFormsAppThree", "WinFormsAppThree\WinFormsAppThree.csproj", "{FB257BFE-538C-4188-84A6-24142BC93F30}"
EndProject
Global
	GlobalSection(SolutionConfigurationPlatforms) = preSolution
		Debug|Any CPU = Debug|Any CPU
		Release|Any CPU = Release|Any CPU
	EndGlobalSection
	GlobalSection(ProjectConfigurationPlatforms) = postSolution
		{B2FCA3D6-8EF8-428E-A874-AB1BB0EBC6B0}.Debug|Any CPU.ActiveCfg = Debug|Any CPU
		{B2FCA3D6-8EF8-428E-A874-AB1BB0EBC6B0}.Debug|Any CPU.Build.0 = Debug|Any CPU
		{B2FCA3D6-8EF8-428E-A874-AB1BB0EBC6B0}.Release|Any CPU.ActiveCfg = Release|Any CPU
		{B2FCA3D6-8EF8-428E-A874-AB1BB0EBC6B0}.Release|Any CPU.Build.0 = Release|Any CPU
		{914A955B-538E-4E9A-BEAE-183AD29EA8D4}.Debug|Any CPU.ActiveCfg = Debug|Any CPU
		{914A955B-538E-4E9A-BEAE-183AD29EA8D4}.Debug|Any CPU.Build.0 = Debug|Any CPU
		{914A955B-538E-4E9A-BEAE-183AD29EA8D4}.Release|Any CPU.ActiveCfg = Release|Any CPU
		{914A955B-538E-4E9A-BEAE-183AD29EA8D4}.Release|Any CPU.Build.0 = Release|Any CPU
		{FB257BFE-538C-4188-84A6-24142BC93F30}.Debug|Any CPU.ActiveCfg = Debug|Any CPU
		{FB257BFE-538C-4188-84A6-24142BC93F30}.Debug|Any CPU.Build.0 = Debug|Any CPU
		{FB257BFE-538C-4188-84A6-24142BC93F30}.Release|Any CPU.ActiveCfg = Release|Any CPU
		{FB257BFE-538C-4188-84A6-24142BC93F30}.Release|Any CPU.Build.0 = Release|Any CPU
	EndGlobalSection
	GlobalSection(SolutionProperties) = preSolution
		HideSolutionNode = FALSE
	EndGlobalSection
	GlobalSection(ExtensibilityGlobals) = postSolution
		SolutionGuid = {B68342A5-B5C0-4D99-AA62-F6F619D9DFBF}
	EndGlobalSection
EndGlobal
