
Microsoft Visual Studio Solution File, Format Version 12.00
# Visual Studio Version 17
VisualStudioVersion = 17.5.33530.505
MinimumVisualStudioVersion = 10.0.40219.1
Project("{D954291E-2A0B-460D-934E-DC6B0785DB48}") = "TwoWayDataExchangeStd", "TwoWayDataExchangeStd.shproj", "{23E40BC7-CAF7-48F5-BEAB-1873E48955FC}"
EndProject
Project("{FAE04EC0-301F-11D3-BF4B-00C04F79EFBC}") = "WinFormsAppOne", "WinFormsAppOne\WinFormsAppOne.csproj", "{B2FCA3D6-8EF8-428E-A874-AB1BB0EBC6B0}"
EndProject
Global
	GlobalSection(SolutionConfigurationPlatforms) = preSolution
		Debug|Any CPU = Debug|Any CPU
		Release|Any CPU = Release|Any CPU
	EndGlobalSection
	GlobalSection(ProjectConfigurationPlatforms) = postSolution
		{B2FCA3D6-8EF8-428E-A874-AB1BB0EBC6B0}.Debug|Any CPU.ActiveCfg = Debug|Any CPU
		{B2FCA3D6-8EF8-428E-A874-AB1BB0EBC6B0}.Debug|Any CPU.Build.0 = Debug|Any CPU
		{B2FCA3D6-8EF8-428E-A874-AB1BB0EBC6B0}.Release|Any CPU.ActiveCfg = Release|Any CPU
		{B2FCA3D6-8EF8-428E-A874-AB1BB0EBC6B0}.Release|Any CPU.Build.0 = Release|Any CPU
	EndGlobalSection
	GlobalSection(SolutionProperties) = preSolution
		HideSolutionNode = FALSE
	EndGlobalSection
	GlobalSection(ExtensibilityGlobals) = postSolution
		SolutionGuid = {B68342A5-B5C0-4D99-AA62-F6F619D9DFBF}
	EndGlobalSection
	GlobalSection(SharedMSBuildProjectFiles) = preSolution
		TwoWayDataExchangeStd.projitems*{23e40bc7-caf7-48f5-beab-1873e48955fc}*SharedItemsImports = 13
	EndGlobalSection
EndGlobal
